
Microsoft Visual Studio Solution File, Format Version 12.00
# Visual Studio Version 16
VisualStudioVersion = 16.0.31729.503
MinimumVisualStudioVersion = 10.0.40219.1
Project("{FAE04EC0-301F-11D3-BF4B-00C04F79EFBC}") = "WebScraper", "WebScraper\WebScraper.csproj", "{98BF6EA2-DEF5-4C3B-BD71-52F4054D8E05}"
EndProject
Global
	GlobalSection(SolutionConfigurationPlatforms) = preSolution
		Debug|Any CPU = Debug|Any CPU
		Release|Any CPU = Release|Any CPU
	EndGlobalSection
	GlobalSection(ProjectConfigurationPlatforms) = postSolution
		{98BF6EA2-DEF5-4C3B-BD71-52F4054D8E05}.Debug|Any CPU.ActiveCfg = Debug|Any CPU
		{98BF6EA2-DEF5-4C3B-BD71-52F4054D8E05}.Debug|Any CPU.Build.0 = Debug|Any CPU
		{98BF6EA2-DEF5-4C3B-BD71-52F4054D8E05}.Release|Any CPU.ActiveCfg = Release|Any CPU
		{98BF6EA2-DEF5-4C3B-BD71-52F4054D8E05}.Release|Any CPU.Build.0 = Release|Any CPU
	EndGlobalSection
	GlobalSection(SolutionProperties) = preSolution
		HideSolutionNode = FALSE
	EndGlobalSection
	GlobalSection(ExtensibilityGlobals) = postSolution
		SolutionGuid = {D6852DC3-9BA8-4902-A197-A0F167882B9C}
	EndGlobalSection
EndGlobal
